
Microsoft Visual Studio Solution File, Format Version 12.00
# Visual Studio Version 17
VisualStudioVersion = 17.9.34616.47
MinimumVisualStudioVersion = 10.0.40219.1
Project("{8BC9CEB8-8B4A-11D0-8D11-00A0C91BC942}") = "inclinometer", "inclinometer\inclinometer.vcxproj", "{F1479BD6-EFFD-464D-824B-F8FEA782E92A}"
EndProject
Global
	GlobalSection(SolutionConfigurationPlatforms) = preSolution
		Debug|x64 = Debug|x64
		Debug|x86 = Debug|x86
		Release|x64 = Release|x64
		Release|x86 = Release|x86
	EndGlobalSection
	GlobalSection(ProjectConfigurationPlatforms) = postSolution
		{F1479BD6-EFFD-464D-824B-F8FEA782E92A}.Debug|x64.ActiveCfg = Debug|x64
		{F1479BD6-EFFD-464D-824B-F8FEA782E92A}.Debug|x64.Build.0 = Debug|x64
		{F1479BD6-EFFD-464D-824B-F8FEA782E92A}.Debug|x86.ActiveCfg = Debug|Win32
		{F1479BD6-EFFD-464D-824B-F8FEA782E92A}.Debug|x86.Build.0 = Debug|Win32
		{F1479BD6-EFFD-464D-824B-F8FEA782E92A}.Release|x64.ActiveCfg = Release|x64
		{F1479BD6-EFFD-464D-824B-F8FEA782E92A}.Release|x64.Build.0 = Release|x64
		{F1479BD6-EFFD-464D-824B-F8FEA782E92A}.Release|x86.ActiveCfg = Release|Win32
		{F1479BD6-EFFD-464D-824B-F8FEA782E92A}.Release|x86.Build.0 = Release|Win32
	EndGlobalSection
	GlobalSection(SolutionProperties) = preSolution
		HideSolutionNode = FALSE
	EndGlobalSection
	GlobalSection(ExtensibilityGlobals) = postSolution
		SolutionGuid = {9A396C65-5050-480B-94E3-375B6A73267C}
	EndGlobalSection
EndGlobal
